
Microsoft Visual Studio Solution File, Format Version 12.00
# Visual Studio Version 16
VisualStudioVersion = 16.0.30517.126
MinimumVisualStudioVersion = 10.0.40219.1
Project("{FAE04EC0-301F-11D3-BF4B-00C04F79EFBC}") = "VererbungUndMehrZuOOPzweiteHerausf", "VererbungUndMehrZuOOPzweiteHerausf.csproj", "{B08C8F35-A444-4826-80B1-F5B5FBF36D2D}"
EndProject
Global
	GlobalSection(SolutionConfigurationPlatforms) = preSolution
		Debug|Any CPU = Debug|Any CPU
		Release|Any CPU = Release|Any CPU
	EndGlobalSection
	GlobalSection(ProjectConfigurationPlatforms) = postSolution
		{B08C8F35-A444-4826-80B1-F5B5FBF36D2D}.Debug|Any CPU.ActiveCfg = Debug|Any CPU
		{B08C8F35-A444-4826-80B1-F5B5FBF36D2D}.Debug|Any CPU.Build.0 = Debug|Any CPU
		{B08C8F35-A444-4826-80B1-F5B5FBF36D2D}.Release|Any CPU.ActiveCfg = Release|Any CPU
		{B08C8F35-A444-4826-80B1-F5B5FBF36D2D}.Release|Any CPU.Build.0 = Release|Any CPU
	EndGlobalSection
	GlobalSection(SolutionProperties) = preSolution
		HideSolutionNode = FALSE
	EndGlobalSection
	GlobalSection(ExtensibilityGlobals) = postSolution
		SolutionGuid = {82C48772-7793-4CD1-AE29-E804BB3D62AC}
	EndGlobalSection
EndGlobal
